// !$*UTF8*$!
{
	archiveVersion = 1;
	classes = {
	};
	objectVersion = 50;
	objects = {

/* Begin PBXBuildFile section */
		DADB36DA25E96A3D007C8026 /* AppDelegate.swift in Sources */ = {isa = PBXBuildFile; fileRef = DADB36D925E96A3D007C8026 /* AppDelegate.swift */; };
		DADB36DC25E96A3D007C8026 /* SceneDelegate.swift in Sources */ = {isa = PBXBuildFile; fileRef = DADB36DB25E96A3D007C8026 /* SceneDelegate.swift */; };
		DADB36DE25E96A3D007C8026 /* ViewController.swift in Sources */ = {isa = PBXBuildFile; fileRef = DADB36DD25E96A3D007C8026 /* ViewController.swift */; };
		DADB36E125E96A3E007C8026 /* Main.storyboard in Resources */ = {isa = PBXBuildFile; fileRef = DADB36DF25E96A3E007C8026 /* Main.storyboard */; };
		DADB36E325E96A3E007C8026 /* Assets.xcassets in Resources */ = {isa = PBXBuildFile; fileRef = DADB36E225E96A3E007C8026 /* Assets.xcassets */; };
		DADB36E625E96A3E007C8026 /* LaunchScreen.storyboard in Resources */ = {isa = PBXBuildFile; fileRef = DADB36E425E96A3E007C8026 /* LaunchScreen.storyboard */; };
/* End PBXBuildFile section */

/* Begin PBXFileReference section */
		DADB36D625E96A3D007C8026 /* NestedStackViews.app */ = {isa = PBXFileReference; explicitFileType = wrapper.application; includeInIndex = 0; path = NestedStackViews.app; sourceTree = BUILT_PRODUCTS_DIR; };
		DADB36D925E96A3D007C8026 /* AppDelegate.swift */ = {isa = PBXFileReference; lastKnownFileType = sourcecode.swift; path = AppDelegate.swift; sourceTree = "<group>"; };
		DADB36DB25E96A3D007C8026 /* SceneDelegate.swift */ = {isa = PBXFileReference; lastKnownFileType = sourcecode.swift; path = SceneDelegate.swift; sourceTree = "<group>"; };
		DADB36DD25E96A3D007C8026 /* ViewController.swift */ = {isa = PBXFileReference; lastKnownFileType = sourcecode.swift; path = ViewController.swift; sourceTree = "<group>"; };
		DADB36E025E96A3E007C8026 /* Base */ = {isa = PBXFileReference; lastKnownFileType = file.storyboard; name = Base; path = Base.lproj/Main.storyboard; sourceTree = "<group>"; };
		DADB36E225E96A3E007C8026 /* Assets.xcassets */ = {isa = PBXFileReference; lastKnownFileType = folder.assetcatalog; path = Assets.xcassets; sourceTree = "<group>"; };
		DADB36E525E96A3E007C8026 /* Base */ = {isa = PBXFileReference; lastKnownFileType = file.storyboard; name = Base; path = Base.lproj/LaunchScreen.storyboard; sourceTree = "<group>"; };
		DADB36E725E96A3E007C8026 /* Info.plist */ = {isa = PBXFileReference; lastKnownFileType = text.plist.xml; path = Info.plist; sourceTree = "<group>"; };
/* End PBXFileReference section */

/* Begin PBXFrameworksBuildPhase section */
		DADB36D325E96A3D007C8026 /* Frameworks */ = {
			isa = PBXFrameworksBuildPhase;
			buildActionMask = 2147483647;
			files = (
			);
			runOnlyForDeploymentPostprocessing = 0;
		};
/* End PBXFrameworksBuildPhase section */

/* Begin PBXGroup section */
		DADB36CD25E96A3D007C8026 = {
			isa = PBXGroup;
			children = (
				DADB36D825E96A3D007C8026 /* NestedStackViews */,
				DADB36D725E96A3D007C8026 /* Products */,
			);
			sourceTree = "<group>";
		};
		DADB36D725E96A3D007C8026 /* Products */ = {
			isa = PBXGroup;
			children = (
				DADB36D625E96A3D007C8026 /* NestedStackViews.app */,
			);
			name = Products;
			sourceTree = "<group>";
		};
		DADB36D825E96A3D007C8026 /* NestedStackViews */ = {
			isa = PBXGroup;
			children = (
				DADB36D925E96A3D007C8026 /* AppDelegate.swift */,
				DADB36DB25E96A3D007C8026 /* SceneDelegate.swift */,
				DADB36DD25E96A3D007C8026 /* ViewController.swift */,
				DADB36DF25E96A3E007C8026 /* Main.storyboard */,
				DADB36E225E96A3E007C8026 /* Assets.xcassets */,
				DADB36E425E96A3E007C8026 /* LaunchScreen.storyboard */,
				DADB36E725E96A3E007C8026 /* Info.plist */,
			);
			path = NestedStackViews;
			sourceTree = "<group>";
		};
/* End PBXGroup section */

/* Begin PBXNativeTarget section */
		DADB36D525E96A3D007C8026 /* NestedStackViews */ = {
			isa = PBXNativeTarget;
			buildConfigurationList = DADB36EA25E96A3E007C8026 /* Build configuration list for PBXNativeTarget "NestedStackViews" */;
			buildPhases = (
				DADB36D225E96A3D007C8026 /* Sources */,
				DADB36D325E96A3D007C8026 /* Frameworks */,
				DADB36D425E96A3D007C8026 /* Resources */,
			);
			buildRules = (
			);
			dependencies = (
			);
			name = NestedStackViews;
			productName = NestedStackViews;
			productReference = DADB36D625E96A3D007C8026 /* NestedStackViews.app */;
			productType = "com.apple.product-type.application";
		};
/* End PBXNativeTarget section */

/* Begin PBXProject section */
		DADB36CE25E96A3D007C8026 /* Project object */ = {
			isa = PBXProject;
			attributes = {
				LastSwiftUpdateCheck = 1240;
				LastUpgradeCheck = 1240;
				TargetAttributes = {
					DADB36D525E96A3D007C8026 = {
						CreatedOnToolsVersion = 12.4;
					};
				};
			};
			buildConfigurationList = DADB36D125E96A3D007C8026 /* Build configuration list for PBXProject "NestedStackViews" */;
			compatibilityVersion = "Xcode 9.3";
			developmentRegion = en;
			hasScannedForEncodings = 0;
			knownRegions = (
				en,
				Base,
			);
			mainGroup = DADB36CD25E96A3D007C8026;
			productRefGroup = DADB36D725E96A3D007C8026 /* Products */;
			projectDirPath = "";
			projectRoot = "";
			targets = (
				DADB36D525E96A3D007C8026 /* NestedStackViews */,
			);
		};
/* End PBXProject section */

/* Begin PBXResourcesBuildPhase section */
		DADB36D425E96A3D007C8026 /* Resources */ = {
			isa = PBXResourcesBuildPhase;
			buildActionMask = 2147483647;
			files = (
				DADB36E625E96A3E007C8026 /* LaunchScreen.storyboard in Resources */,
				DADB36E325E96A3E007C8026 /* Assets.xcassets in Resources */,
				DADB36E125E96A3E007C8026 /* Main.storyboard in Resources */,
			);
			runOnlyForDeploymentPostprocessing = 0;
		};
/* End PBXResourcesBuildPhase section */

/* Begin PBXSourcesBuildPhase section */
		DADB36D225E96A3D007C8026 /* Sources */ = {
			isa = PBXSourcesBuildPhase;
			buildActionMask = 2147483647;
			files = (
				DADB36DE25E96A3D007C8026 /* ViewController.swift in Sources */,
				DADB36DA25E96A3D007C8026 /* AppDelegate.swift in Sources */,
				DADB36DC25E96A3D007C8026 /* SceneDelegate.swift in Sources */,
			);
			runOnlyForDeploymentPostprocessing = 0;
		};
/* End PBXSourcesBuildPhase section */

/* Begin PBXVariantGroup section */
		DADB36DF25E96A3E007C8026 /* Main.storyboard */ = {
			isa = PBXVariantGroup;
			children = (
				DADB36E025E96A3E007C8026 /* Base */,
			);
			name = Main.storyboard;
			sourceTree = "<group>";
		};
		DADB36E425E96A3E007C8026 /* LaunchScreen.storyboard */ = {
			isa = PBXVariantGroup;
			children = (
				DADB36E525E96A3E007C8026 /* Base */,
			);
			name = LaunchScreen.storyboard;
			sourceTree = "<group>";
		};
/* End PBXVariantGroup section */

/* Begin XCBuildConfiguration section */
		DADB36E825E96A3E007C8026 /* Debug */ = {
			isa = XCBuildConfiguration;
			buildSettings = {
				ALWAYS_SEARCH_USER_PATHS = NO;
				CLANG_ANALYZER_NONNULL = YES;
				CLANG_ANALYZER_NUMBER_OBJECT_CONVERSION = YES_AGGRESSIVE;
				CLANG_CXX_LANGUAGE_STANDARD = "gnu++14";
				CLANG_CXX_LIBRARY = "libc++";
				CLANG_ENABLE_MODULES = YES;
				CLANG_ENABLE_OBJC_ARC = YES;
				CLANG_ENABLE_OBJC_WEAK = YES;
				CLANG_WARN_BLOCK_CAPTURE_AUTORELEASING = YES;
				CLANG_WARN_BOOL_CONVERSION = YES;
				CLANG_WARN_COMMA = YES;
				CLANG_WARN_CONSTANT_CONVERSION = YES;
				CLANG_WARN_DEPRECATED_OBJC_IMPLEMENTATIONS = YES;
				CLANG_WARN_DIRECT_OBJC_ISA_USAGE = YES_ERROR;
				CLANG_WARN_DOCUMENTATION_COMMENTS = YES;
				CLANG_WARN_EMPTY_BODY = YES;
				CLANG_WARN_ENUM_CONVERSION = YES;
				CLANG_WARN_INFINITE_RECURSION = YES;
				CLANG_WARN_INT_CONVERSION = YES;
				CLANG_WARN_NON_LITERAL_NULL_CONVERSION = YES;
				CLANG_WARN_OBJC_IMPLICIT_RETAIN_SELF = YES;
				CLANG_WARN_OBJC_LITERAL_CONVERSION = YES;
				CLANG_WARN_OBJC_ROOT_CLASS = YES_ERROR;
				CLANG_WARN_QUOTED_INCLUDE_IN_FRAMEWORK_HEADER = YES;
				CLANG_WARN_RANGE_LOOP_ANALYSIS = YES;
				CLANG_WARN_STRICT_PROTOTYPES = YES;
				CLANG_WARN_SUSPICIOUS_MOVE = YES;
				CLANG_WARN_UNGUARDED_AVAILABILITY = YES_AGGRESSIVE;
				CLANG_WARN_UNREACHABLE_CODE = YES;
				CLANG_WARN__DUPLICATE_METHOD_MATCH = YES;
				COPY_PHASE_STRIP = NO;
				DEBUG_INFORMATION_FORMAT = dwarf;
				ENABLE_STRICT_OBJC_MSGSEND = YES;
				ENABLE_TESTABILITY = YES;
				GCC_C_LANGUAGE_STANDARD = gnu11;
				GCC_DYNAMIC_NO_PIC = NO;
				GCC_NO_COMMON_BLOCKS = YES;
				GCC_OPTIMIZATION_LEVEL = 0;
				GCC_PREPROCESSOR_DEFINITIONS = (
					"DEBUG=1",
					"$(inherited)",
				);
				GCC_WARN_64_TO_32_BIT_CONVERSION = YES;
				GCC_WARN_ABOUT_RETURN_TYPE = YES_ERROR;
				GCC_WARN_UNDECLARED_SELECTOR = YES;
				GCC_WARN_UNINITIALIZED_AUTOS = YES_AGGRESSIVE;
				GCC_WARN_UNUSED_FUNCTION = YES;
				GCC_WARN_UNUSED_VARIABLE = YES;
				IPHONEOS_DEPLOYMENT_TARGET = 14.4;
				MTL_ENABLE_DEBUG_INFO = INCLUDE_SOURCE;
				MTL_FAST_MATH = YES;
				ONLY_ACTIVE_ARCH = YES;
				SDKROOT = iphoneos;
				SWIFT_ACTIVE_COMPILATION_CONDITIONS = DEBUG;
				SWIFT_OPTIMIZATION_LEVEL = "-Onone";
			};
			name = Debug;
		};
		DADB36E925E96A3E007C8026 /* Release */ = {
			isa = XCBuildConfiguration;
			buildSettings = {
				ALWAYS_SEARCH_USER_PATHS = NO;
				CLANG_ANALYZER_NONNULL = YES;
				CLANG_ANALYZER_NUMBER_OBJECT_CONVERSION = YES_AGGRESSIVE;
				CLANG_CXX_LANGUAGE_STANDARD = "gnu++14";
				CLANG_CXX_LIBRARY = "libc++";
				CLANG_ENABLE_MODULES = YES;
				CLANG_ENABLE_OBJC_ARC = YES;
				CLANG_ENABLE_OBJC_WEAK = YES;
				CLANG_WARN_BLOCK_CAPTURE_AUTORELEASING = YES;
				CLANG_WARN_BOOL_CONVERSION = YES;
				CLANG_WARN_COMMA = YES;
				CLANG_WARN_CONSTANT_CONVERSION = YES;
				CLANG_WARN_DEPRECATED_OBJC_IMPLEMENTATIONS = YES;
				CLANG_WARN_DIRECT_OBJC_ISA_USAGE = YES_ERROR;
				CLANG_WARN_DOCUMENTATION_COMMENTS = YES;
				CLANG_WARN_EMPTY_BODY = YES;
				CLANG_WARN_ENUM_CONVERSION = YES;
				CLANG_WARN_INFINITE_RECURSION = YES;
				CLANG_WARN_INT_CONVERSION = YES;
				CLANG_WARN_NON_LITERAL_NULL_CONVERSION = YES;
				CLANG_WARN_OBJC_IMPLICIT_RETAIN_SELF = YES;
				CLANG_WARN_OBJC_LITERAL_CONVERSION = YES;
				CLANG_WARN_OBJC_ROOT_CLASS = YES_ERROR;
				CLANG_WARN_QUOTED_INCLUDE_IN_FRAMEWORK_HEADER = YES;
				CLANG_WARN_RANGE_LOOP_ANALYSIS = YES;
				CLANG_WARN_STRICT_PROTOTYPES = YES;
				CLANG_WARN_SUSPICIOUS_MOVE = YES;
				CLANG_WARN_UNGUARDED_AVAILABILITY = YES_AGGRESSIVE;
				CLANG_WARN_UNREACHABLE_CODE = YES;
				CLANG_WARN__DUPLICATE_METHOD_MATCH = YES;
				COPY_PHASE_STRIP = NO;
				DEBUG_INFORMATION_FORMAT = "dwarf-with-dsym";
				ENABLE_NS_ASSERTIONS = NO;
				ENABLE_STRICT_OBJC_MSGSEND = YES;
				GCC_C_LANGUAGE_STANDARD = gnu11;
				GCC_NO_COMMON_BLOCKS = YES;
				GCC_WARN_64_TO_32_BIT_CONVERSION = YES;
				GCC_WARN_ABOUT_RETURN_TYPE = YES_ERROR;
				GCC_WARN_UNDECLARED_SELECTOR = YES;
				GCC_WARN_UNINITIALIZED_AUTOS = YES_AGGRESSIVE;
				GCC_WARN_UNUSED_FUNCTION = YES;
				GCC_WARN_UNUSED_VARIABLE = YES;
				IPHONEOS_DEPLOYMENT_TARGET = 14.4;
				MTL_ENABLE_DEBUG_INFO = NO;
				MTL_FAST_MATH = YES;
				SDKROOT = iphoneos;
				SWIFT_COMPILATION_MODE = wholemodule;
				SWIFT_OPTIMIZATION_LEVEL = "-O";
				VALIDATE_PRODUCT = YES;
			};
			name = Release;
		};
		DADB36EB25E96A3E007C8026 /* Debug */ = {
			isa = XCBuildConfiguration;
			buildSettings = {
				ASSETCATALOG_COMPILER_APPICON_NAME = AppIcon;
				ASSETCATALOG_COMPILER_GLOBAL_ACCENT_COLOR_NAME = AccentColor;
				CODE_SIGN_STYLE = Automatic;
				DEVELOPMENT_TEAM = 9FG8SD99LV;
				INFOPLIST_FILE = NestedStackViews/Info.plist;
				LD_RUNPATH_SEARCH_PATHS = (
					"$(inherited)",
					"@executable_path/Frameworks",
				);
				PRODUCT_BUNDLE_IDENTIFIER = com.soyaaroncervantes.NestedStackViews;
				PRODUCT_NAME = "$(TARGET_NAME)";
				SWIFT_VERSION = 5.0;
				TARGETED_DEVICE_FAMILY = 1;
			};
			name = Debug;
		};
		DADB36EC25E96A3E007C8026 /* Release */ = {
			isa = XCBuildConfiguration;
			buildSettings = {
				ASSETCATALOG_COMPILER_APPICON_NAME = AppIcon;
				ASSETCATALOG_COMPILER_GLOBAL_ACCENT_COLOR_NAME = AccentColor;
				CODE_SIGN_STYLE = Automatic;
				DEVELOPMENT_TEAM = 9FG8SD99LV;
				INFOPLIST_FILE = NestedStackViews/Info.plist;
				LD_RUNPATH_SEARCH_PATHS = (
					"$(inherited)",
					"@executable_path/Frameworks",
				);
				PRODUCT_BUNDLE_IDENTIFIER = com.soyaaroncervantes.NestedStackViews;
				PRODUCT_NAME = "$(TARGET_NAME)";
				SWIFT_VERSION = 5.0;
				TARGETED_DEVICE_FAMILY = 1;
			};
			name = Release;
		};
/* End XCBuildConfiguration section */

/* Begin XCConfigurationList section */
		DADB36D125E96A3D007C8026 /* Build configuration list for PBXProject "NestedStackViews" */ = {
			isa = XCConfigurationList;
			buildConfigurations = (
				DADB36E825E96A3E007C8026 /* Debug */,
				DADB36E925E96A3E007C8026 /* Release */,
			);
			defaultConfigurationIsVisible = 0;
			defaultConfigurationName = Release;
		};
		DADB36EA25E96A3E007C8026 /* Build configuration list for PBXNativeTarget "NestedStackViews" */ = {
			isa = XCConfigurationList;
			buildConfigurations = (
				DADB36EB25E96A3E007C8026 /* Debug */,
				DADB36EC25E96A3E007C8026 /* Release */,
			);
			defaultConfigurationIsVisible = 0;
			defaultConfigurationName = Release;
		};
/* End XCConfigurationList section */
	};
	rootObject = DADB36CE25E96A3D007C8026 /* Project object */;
}
